
Microsoft Visual Studio Solution File, Format Version 12.00
# Visual Studio Version 16
VisualStudioVersion = 25.0.1706.4
MinimumVisualStudioVersion = 10.0.40219.1
Project("{FAE04EC0-301F-11D3-BF4B-00C04F79EFBC}") = "Notes", "Notes\Notes.csproj", "{2C230AF0-B3DD-402E-AD03-64788DA90D0D}"
EndProject
Global
	GlobalSection(SolutionConfigurationPlatforms) = preSolution
		Debug|Any CPU = Debug|Any CPU
		Release|Any CPU = Release|Any CPU
	EndGlobalSection
	GlobalSection(ProjectConfigurationPlatforms) = postSolution
		{2C230AF0-B3DD-402E-AD03-64788DA90D0D}.Debug|Any CPU.ActiveCfg = Debug|Any CPU
		{2C230AF0-B3DD-402E-AD03-64788DA90D0D}.Debug|Any CPU.Build.0 = Debug|Any CPU
		{2C230AF0-B3DD-402E-AD03-64788DA90D0D}.Release|Any CPU.ActiveCfg = Release|Any CPU
		{2C230AF0-B3DD-402E-AD03-64788DA90D0D}.Release|Any CPU.Build.0 = Release|Any CPU
	EndGlobalSection
	GlobalSection(SolutionProperties) = preSolution
		HideSolutionNode = FALSE
	EndGlobalSection
	GlobalSection(ExtensibilityGlobals) = postSolution
		SolutionGuid = {6FD5BDAD-898C-4FC2-85CF-6F88BC815FF1}
	EndGlobalSection
EndGlobal
